{
  "originHash" : "e2ade7329a7726bfc9b597b94cc89d824af71fad7c7186f39e312d5b196f80fe",
  "pins" : [
    {
      "identity" : "codescanner",
      "kind" : "remoteSourceControl",
      "location" : "https://github.com/twostraws/CodeScanner",
      "state" : {
        "revision" : "9fa582f4b36c69c2a55bff5fb3377eb170ae273c",
        "version" : "2.5.1"
      }
    },
    {
      "identity" : "interactivemap",
      "kind" : "remoteSourceControl",
      "location" : "https://github.com/GrandSir/InteractiveMap",
      "state" : {
        "branch" : "main",
        "revision" : "4fc6f5f736c9cbf2352938a6b27712937a5d6465"
      }
    }
  ],
  "version" : 3
}
